
Microsoft Visual Studio Solution File, Format Version 12.00
# Visual Studio Version 17
VisualStudioVersion = 17.14.36408.4 d17.14
MinimumVisualStudioVersion = 10.0.40219.1
Project("{FAE04EC0-301F-11D3-BF4B-00C04F79EFBC}") = "testGitWebApi", "testGitWebApi\testGitWebApi.csproj", "{4BC4BC17-4C91-4191-9744-CBADDB3BE934}"
EndProject
Global
	GlobalSection(SolutionConfigurationPlatforms) = preSolution
		Debug|Any CPU = Debug|Any CPU
		Release|Any CPU = Release|Any CPU
	EndGlobalSection
	GlobalSection(ProjectConfigurationPlatforms) = postSolution
		{4BC4BC17-4C91-4191-9744-CBADDB3BE934}.Debug|Any CPU.ActiveCfg = Debug|Any CPU
		{4BC4BC17-4C91-4191-9744-CBADDB3BE934}.Debug|Any CPU.Build.0 = Debug|Any CPU
		{4BC4BC17-4C91-4191-9744-CBADDB3BE934}.Release|Any CPU.ActiveCfg = Release|Any CPU
		{4BC4BC17-4C91-4191-9744-CBADDB3BE934}.Release|Any CPU.Build.0 = Release|Any CPU
	EndGlobalSection
	GlobalSection(SolutionProperties) = preSolution
		HideSolutionNode = FALSE
	EndGlobalSection
	GlobalSection(ExtensibilityGlobals) = postSolution
		SolutionGuid = {9645A8D3-3D0D-4C9B-81FE-6C08B762D848}
	EndGlobalSection
EndGlobal
